// !$*UTF8*$!
{
	archiveVersion = 1;
	classes = {
	};
	objectVersion = 46;
	objects = {

/* Begin PBXBuildFile section */
		0D3E0B171CC170DE0030725D /* Test.swift in Sources */ = {isa = PBXBuildFile; fileRef = 0D3E0B161CC170DE0030725D /* Test.swift */; };
		0D4CE7DC1CB7360D00F15220 /* GetCourses.swift in Sources */ = {isa = PBXBuildFile; fileRef = 0D4CE7DB1CB7360D00F15220 /* GetCourses.swift */; };
		0D4CE7DF1CB8304500F15220 /* getCourses.json in Resources */ = {isa = PBXBuildFile; fileRef = 0D4CE7DE1CB8304500F15220 /* getCourses.json */; };
		1A82064D1CAE1ACB00D69F64 /* AppDelegate.swift in Sources */ = {isa = PBXBuildFile; fileRef = 1A82064C1CAE1ACB00D69F64 /* AppDelegate.swift */; };
		1A82064F1CAE1ACB00D69F64 /* ViewController.swift in Sources */ = {isa = PBXBuildFile; fileRef = 1A82064E1CAE1ACB00D69F64 /* ViewController.swift */; };
		1A8206521CAE1ACB00D69F64 /* Main.storyboard in Resources */ = {isa = PBXBuildFile; fileRef = 1A8206501CAE1ACB00D69F64 /* Main.storyboard */; };
		1A8206541CAE1ACB00D69F64 /* Assets.xcassets in Resources */ = {isa = PBXBuildFile; fileRef = 1A8206531CAE1ACB00D69F64 /* Assets.xcassets */; };
		1A8206571CAE1ACB00D69F64 /* LaunchScreen.storyboard in Resources */ = {isa = PBXBuildFile; fileRef = 1A8206551CAE1ACB00D69F64 /* LaunchScreen.storyboard */; };
/* End PBXBuildFile section */

/* Begin PBXFileReference section */
		0D3E0B161CC170DE0030725D /* Test.swift */ = {isa = PBXFileReference; fileEncoding = 4; lastKnownFileType = sourcecode.swift; path = Test.swift; sourceTree = "<group>"; };
		0D4CE7DB1CB7360D00F15220 /* GetCourses.swift */ = {isa = PBXFileReference; fileEncoding = 4; lastKnownFileType = sourcecode.swift; path = GetCourses.swift; sourceTree = "<group>"; };
		0D4CE7DE1CB8304500F15220 /* getCourses.json */ = {isa = PBXFileReference; fileEncoding = 4; lastKnownFileType = text.json; name = getCourses.json; path = ../../../../Desktop/getCourses.json; sourceTree = "<group>"; };
		1A8206491CAE1ACB00D69F64 /* UWF Behavior.app */ = {isa = PBXFileReference; explicitFileType = wrapper.application; includeInIndex = 0; path = "UWF Behavior.app"; sourceTree = BUILT_PRODUCTS_DIR; };
		1A82064C1CAE1ACB00D69F64 /* AppDelegate.swift */ = {isa = PBXFileReference; lastKnownFileType = sourcecode.swift; path = AppDelegate.swift; sourceTree = "<group>"; };
		1A82064E1CAE1ACB00D69F64 /* ViewController.swift */ = {isa = PBXFileReference; lastKnownFileType = sourcecode.swift; path = ViewController.swift; sourceTree = "<group>"; };
		1A8206511CAE1ACB00D69F64 /* Base */ = {isa = PBXFileReference; lastKnownFileType = file.storyboard; name = Base; path = Base.lproj/Main.storyboard; sourceTree = "<group>"; };
		1A8206531CAE1ACB00D69F64 /* Assets.xcassets */ = {isa = PBXFileReference; lastKnownFileType = folder.assetcatalog; path = Assets.xcassets; sourceTree = "<group>"; };
		1A8206561CAE1ACB00D69F64 /* Base */ = {isa = PBXFileReference; lastKnownFileType = file.storyboard; name = Base; path = Base.lproj/LaunchScreen.storyboard; sourceTree = "<group>"; };
		1A8206581CAE1ACB00D69F64 /* Info.plist */ = {isa = PBXFileReference; lastKnownFileType = text.plist.xml; path = Info.plist; sourceTree = "<group>"; };
/* End PBXFileReference section */

/* Begin PBXFrameworksBuildPhase section */
		1A8206461CAE1ACB00D69F64 /* Frameworks */ = {
			isa = PBXFrameworksBuildPhase;
			buildActionMask = 2147483647;
			files = (
			);
			runOnlyForDeploymentPostprocessing = 0;
		};
/* End PBXFrameworksBuildPhase section */

/* Begin PBXGroup section */
		0D4CE7DD1CB82E1100F15220 /* Resources */ = {
			isa = PBXGroup;
			children = (
				0D4CE7DE1CB8304500F15220 /* getCourses.json */,
			);
			name = Resources;
			sourceTree = "<group>";
		};
		1A8206401CAE1ACB00D69F64 = {
			isa = PBXGroup;
			children = (
				0D4CE7DD1CB82E1100F15220 /* Resources */,
				1A82064B1CAE1ACB00D69F64 /* UWF Behavior */,
				1A82064A1CAE1ACB00D69F64 /* Products */,
			);
			sourceTree = "<group>";
		};
		1A82064A1CAE1ACB00D69F64 /* Products */ = {
			isa = PBXGroup;
			children = (
				1A8206491CAE1ACB00D69F64 /* UWF Behavior.app */,
			);
			name = Products;
			sourceTree = "<group>";
		};
		1A82064B1CAE1ACB00D69F64 /* UWF Behavior */ = {
			isa = PBXGroup;
			children = (
				1A82064C1CAE1ACB00D69F64 /* AppDelegate.swift */,
				1A82064E1CAE1ACB00D69F64 /* ViewController.swift */,
				1A8206501CAE1ACB00D69F64 /* Main.storyboard */,
				1A8206531CAE1ACB00D69F64 /* Assets.xcassets */,
				1A8206551CAE1ACB00D69F64 /* LaunchScreen.storyboard */,
				1A8206581CAE1ACB00D69F64 /* Info.plist */,
				0D4CE7DB1CB7360D00F15220 /* GetCourses.swift */,
				0D3E0B161CC170DE0030725D /* Test.swift */,
			);
			path = "UWF Behavior";
			sourceTree = "<group>";
		};
/* End PBXGroup section */

/* Begin PBXNativeTarget section */
		1A8206481CAE1ACB00D69F64 /* UWF Behavior */ = {
			isa = PBXNativeTarget;
			buildConfigurationList = 1A82065B1CAE1ACB00D69F64 /* Build configuration list for PBXNativeTarget "UWF Behavior" */;
			buildPhases = (
				1A8206451CAE1ACB00D69F64 /* Sources */,
				1A8206461CAE1ACB00D69F64 /* Frameworks */,
				1A8206471CAE1ACB00D69F64 /* Resources */,
			);
			buildRules = (
			);
			dependencies = (
			);
			name = "UWF Behavior";
			productName = "UWF Behavior";
			productReference = 1A8206491CAE1ACB00D69F64 /* UWF Behavior.app */;
			productType = "com.apple.product-type.application";
		};
/* End PBXNativeTarget section */

/* Begin PBXProject section */
		1A8206411CAE1ACB00D69F64 /* Project object */ = {
			isa = PBXProject;
			attributes = {
				LastSwiftUpdateCheck = 0720;
				LastUpgradeCheck = 0720;
				ORGANIZATIONNAME = "UWF Students";
				TargetAttributes = {
					1A8206481CAE1ACB00D69F64 = {
						CreatedOnToolsVersion = 7.2.1;
					};
				};
			};
			buildConfigurationList = 1A8206441CAE1ACB00D69F64 /* Build configuration list for PBXProject "UWF Behavior" */;
			compatibilityVersion = "Xcode 3.2";
			developmentRegion = English;
			hasScannedForEncodings = 0;
			knownRegions = (
				en,
				Base,
			);
			mainGroup = 1A8206401CAE1ACB00D69F64;
			productRefGroup = 1A82064A1CAE1ACB00D69F64 /* Products */;
			projectDirPath = "";
			projectRoot = "";
			targets = (
				1A8206481CAE1ACB00D69F64 /* UWF Behavior */,
			);
		};
/* End PBXProject section */

/* Begin PBXResourcesBuildPhase section */
		1A8206471CAE1ACB00D69F64 /* Resources */ = {
			isa = PBXResourcesBuildPhase;
			buildActionMask = 2147483647;
			files = (
				1A8206571CAE1ACB00D69F64 /* LaunchScreen.storyboard in Resources */,
				1A8206541CAE1ACB00D69F64 /* Assets.xcassets in Resources */,
				1A8206521CAE1ACB00D69F64 /* Main.storyboard in Resources */,
				0D4CE7DF1CB8304500F15220 /* getCourses.json in Resources */,
			);
			runOnlyForDeploymentPostprocessing = 0;
		};
/* End PBXResourcesBuildPhase section */

/* Begin PBXSourcesBuildPhase section */
		1A8206451CAE1ACB00D69F64 /* Sources */ = {
			isa = PBXSourcesBuildPhase;
			buildActionMask = 2147483647;
			files = (
				1A82064F1CAE1ACB00D69F64 /* ViewController.swift in Sources */,
				1A82064D1CAE1ACB00D69F64 /* AppDelegate.swift in Sources */,
				0D3E0B171CC170DE0030725D /* Test.swift in Sources */,
				0D4CE7DC1CB7360D00F15220 /* GetCourses.swift in Sources */,
			);
			runOnlyForDeploymentPostprocessing = 0;
		};
/* End PBXSourcesBuildPhase section */

/* Begin PBXVariantGroup section */
		1A8206501CAE1ACB00D69F64 /* Main.storyboard */ = {
			isa = PBXVariantGroup;
			children = (
				1A8206511CAE1ACB00D69F64 /* Base */,
			);
			name = Main.storyboard;
			sourceTree = "<group>";
		};
		1A8206551CAE1ACB00D69F64 /* LaunchScreen.storyboard */ = {
			isa = PBXVariantGroup;
			children = (
				1A8206561CAE1ACB00D69F64 /* Base */,
			);
			name = LaunchScreen.storyboard;
			sourceTree = "<group>";
		};
/* End PBXVariantGroup section */

/* Begin XCBuildConfiguration section */
		1A8206591CAE1ACB00D69F64 /* Debug */ = {
			isa = XCBuildConfiguration;
			buildSettings = {
				ALWAYS_SEARCH_USER_PATHS = NO;
				CLANG_CXX_LANGUAGE_STANDARD = "gnu++0x";
				CLANG_CXX_LIBRARY = "libc++";
				CLANG_ENABLE_MODULES = YES;
				CLANG_ENABLE_OBJC_ARC = YES;
				CLANG_WARN_BOOL_CONVERSION = YES;
				CLANG_WARN_CONSTANT_CONVERSION = YES;
				CLANG_WARN_DIRECT_OBJC_ISA_USAGE = YES_ERROR;
				CLANG_WARN_EMPTY_BODY = YES;
				CLANG_WARN_ENUM_CONVERSION = YES;
				CLANG_WARN_INT_CONVERSION = YES;
				CLANG_WARN_OBJC_ROOT_CLASS = YES_ERROR;
				CLANG_WARN_UNREACHABLE_CODE = YES;
				CLANG_WARN__DUPLICATE_METHOD_MATCH = YES;
				"CODE_SIGN_IDENTITY[sdk=iphoneos*]" = "iPhone Developer";
				COPY_PHASE_STRIP = NO;
				DEBUG_INFORMATION_FORMAT = dwarf;
				ENABLE_STRICT_OBJC_MSGSEND = YES;
				ENABLE_TESTABILITY = YES;
				GCC_C_LANGUAGE_STANDARD = gnu99;
				GCC_DYNAMIC_NO_PIC = NO;
				GCC_NO_COMMON_BLOCKS = YES;
				GCC_OPTIMIZATION_LEVEL = 0;
				GCC_PREPROCESSOR_DEFINITIONS = (
					"DEBUG=1",
					"$(inherited)",
				);
				GCC_WARN_64_TO_32_BIT_CONVERSION = YES;
				GCC_WARN_ABOUT_RETURN_TYPE = YES_ERROR;
				GCC_WARN_UNDECLARED_SELECTOR = YES;
				GCC_WARN_UNINITIALIZED_AUTOS = YES_AGGRESSIVE;
				GCC_WARN_UNUSED_FUNCTION = YES;
				GCC_WARN_UNUSED_VARIABLE = YES;
				IPHONEOS_DEPLOYMENT_TARGET = 9.2;
				MTL_ENABLE_DEBUG_INFO = YES;
				ONLY_ACTIVE_ARCH = YES;
				SDKROOT = iphoneos;
				SWIFT_OPTIMIZATION_LEVEL = "-Onone";
				TARGETED_DEVICE_FAMILY = "1,2";
			};
			name = Debug;
		};
		1A82065A1CAE1ACB00D69F64 /* Release */ = {
			isa = XCBuildConfiguration;
			buildSettings = {
				ALWAYS_SEARCH_USER_PATHS = NO;
				CLANG_CXX_LANGUAGE_STANDARD = "gnu++0x";
				CLANG_CXX_LIBRARY = "libc++";
				CLANG_ENABLE_MODULES = YES;
				CLANG_ENABLE_OBJC_ARC = YES;
				CLANG_WARN_BOOL_CONVERSION = YES;
				CLANG_WARN_CONSTANT_CONVERSION = YES;
				CLANG_WARN_DIRECT_OBJC_ISA_USAGE = YES_ERROR;
				CLANG_WARN_EMPTY_BODY = YES;
				CLANG_WARN_ENUM_CONVERSION = YES;
				CLANG_WARN_INT_CONVERSION = YES;
				CLANG_WARN_OBJC_ROOT_CLASS = YES_ERROR;
				CLANG_WARN_UNREACHABLE_CODE = YES;
				CLANG_WARN__DUPLICATE_METHOD_MATCH = YES;
				"CODE_SIGN_IDENTITY[sdk=iphoneos*]" = "iPhone Developer";
				COPY_PHASE_STRIP = NO;
				DEBUG_INFORMATION_FORMAT = "dwarf-with-dsym";
				ENABLE_NS_ASSERTIONS = NO;
				ENABLE_STRICT_OBJC_MSGSEND = YES;
				GCC_C_LANGUAGE_STANDARD = gnu99;
				GCC_NO_COMMON_BLOCKS = YES;
				GCC_WARN_64_TO_32_BIT_CONVERSION = YES;
				GCC_WARN_ABOUT_RETURN_TYPE = YES_ERROR;
				GCC_WARN_UNDECLARED_SELECTOR = YES;
				GCC_WARN_UNINITIALIZED_AUTOS = YES_AGGRESSIVE;
				GCC_WARN_UNUSED_FUNCTION = YES;
				GCC_WARN_UNUSED_VARIABLE = YES;
				IPHONEOS_DEPLOYMENT_TARGET = 9.2;
				MTL_ENABLE_DEBUG_INFO = NO;
				SDKROOT = iphoneos;
				TARGETED_DEVICE_FAMILY = "1,2";
				VALIDATE_PRODUCT = YES;
			};
			name = Release;
		};
		1A82065C1CAE1ACB00D69F64 /* Debug */ = {
			isa = XCBuildConfiguration;
			buildSettings = {
				ASSETCATALOG_COMPILER_APPICON_NAME = AppIcon;
				INFOPLIST_FILE = "UWF Behavior/Info.plist";
				LD_RUNPATH_SEARCH_PATHS = "$(inherited) @executable_path/Frameworks";
				PRODUCT_BUNDLE_IDENTIFIER = "UWF.UWF-Behavior";
				PRODUCT_NAME = "$(TARGET_NAME)";
			};
			name = Debug;
		};
		1A82065D1CAE1ACB00D69F64 /* Release */ = {
			isa = XCBuildConfiguration;
			buildSettings = {
				ASSETCATALOG_COMPILER_APPICON_NAME = AppIcon;
				INFOPLIST_FILE = "UWF Behavior/Info.plist";
				LD_RUNPATH_SEARCH_PATHS = "$(inherited) @executable_path/Frameworks";
				PRODUCT_BUNDLE_IDENTIFIER = "UWF.UWF-Behavior";
				PRODUCT_NAME = "$(TARGET_NAME)";
			};
			name = Release;
		};
/* End XCBuildConfiguration section */

/* Begin XCConfigurationList section */
		1A8206441CAE1ACB00D69F64 /* Build configuration list for PBXProject "UWF Behavior" */ = {
			isa = XCConfigurationList;
			buildConfigurations = (
				1A8206591CAE1ACB00D69F64 /* Debug */,
				1A82065A1CAE1ACB00D69F64 /* Release */,
			);
			defaultConfigurationIsVisible = 0;
			defaultConfigurationName = Release;
		};
		1A82065B1CAE1ACB00D69F64 /* Build configuration list for PBXNativeTarget "UWF Behavior" */ = {
			isa = XCConfigurationList;
			buildConfigurations = (
				1A82065C1CAE1ACB00D69F64 /* Debug */,
				1A82065D1CAE1ACB00D69F64 /* Release */,
			);
			defaultConfigurationIsVisible = 0;
			defaultConfigurationName = Release;
		};
/* End XCConfigurationList section */
	};
	rootObject = 1A8206411CAE1ACB00D69F64 /* Project object */;
}
